{
  "name": "mycodirepl",
  "version": "0.0.1",
  "lockfileVersion": 1,
  "requires": true,
  "dependencies": {
    "gaussian": {
      "version": "1.1.0",
      "resolved": "https://registry.npmjs.org/gaussian/-/gaussian-1.1.0.tgz",
      "integrity": "sha1-bRN6CX1Nv8ILUvsctdYcRwDt13E="
    },
    "ramda": {
      "version": "0.26.0",
      "resolved": "https://registry.npmjs.org/ramda/-/ramda-0.26.0.tgz",
      "integrity": "sha512-maK1XqpgsOo5DwjhROjqDvpm1vkphLQbpleVv+b3t5Y9uOQ0t8hTHT582+mDs7RLrex1kd4lWYizNXWLVjsq9w=="
    },
    "randgen": {
      "version": "0.1.0",
      "resolved": "https://registry.npmjs.org/randgen/-/randgen-0.1.0.tgz",
      "integrity": "sha1-TI3WDXLAE5U9LcY/bg9BkwckCKg="
    },
    "skew-normal-random": {
      "version": "1.0.0",
      "resolved": "https://registry.npmjs.org/skew-normal-random/-/skew-normal-random-1.0.0.tgz",
      "integrity": "sha512-O8mL5XQJPR3we7fSqXTWznvgBA+PFm8x12hQFiRjFiLpOLbCzV6DDCQsyCzamP2DteaxcJv0o2a4Pwjd14J9Uw=="
    }
  }
}
